// !$*UTF8*$!
{
	archiveVersion = 1;
	classes = {
	};
	objectVersion = 50;
	objects = {

/* Begin PBXBuildFile section */
		951322F921174391004D0B91 /* PlaceDurationCell.swift in Sources */ = {isa = PBXBuildFile; fileRef = 951322F821174391004D0B91 /* PlaceDurationCell.swift */; };
		9533EDD12116E60900660ED2 /* Constants.swift in Sources */ = {isa = PBXBuildFile; fileRef = 9533EDD02116E60900660ED2 /* Constants.swift */; };
		9533EDD32116EA1100660ED2 /* DisplayObjectCell.swift in Sources */ = {isa = PBXBuildFile; fileRef = 9533EDD22116EA1100660ED2 /* DisplayObjectCell.swift */; };
		9533EDD52116EACC00660ED2 /* PlaceNameCell.swift in Sources */ = {isa = PBXBuildFile; fileRef = 9533EDD42116EACC00660ED2 /* PlaceNameCell.swift */; };
		9533EDD72116FFFD00660ED2 /* PlaceDescriptionCell.swift in Sources */ = {isa = PBXBuildFile; fileRef = 9533EDD62116FFFD00660ED2 /* PlaceDescriptionCell.swift */; };
		9533EDD921170D0600660ED2 /* PlaceTimeOfWorkCell.swift in Sources */ = {isa = PBXBuildFile; fileRef = 9533EDD821170D0600660ED2 /* PlaceTimeOfWorkCell.swift */; };
		9552B7C32117AED00004BB74 /* StoryboardInstance.swift in Sources */ = {isa = PBXBuildFile; fileRef = 9552B7C22117AED00004BB74 /* StoryboardInstance.swift */; };
		9552B7C52117B90C0004BB74 /* DirectionsDataProvider.swift in Sources */ = {isa = PBXBuildFile; fileRef = 9552B7C42117B90C0004BB74 /* DirectionsDataProvider.swift */; };
		9552B7C72117B9160004BB74 /* test_route.json in Resources */ = {isa = PBXBuildFile; fileRef = 9552B7C62117B9160004BB74 /* test_route.json */; };
		9552B7C92117B96C0004BB74 /* APIClient.swift in Sources */ = {isa = PBXBuildFile; fileRef = 9552B7C82117B96C0004BB74 /* APIClient.swift */; };
		9552B7CB2117BA440004BB74 /* GoogleApiClient.swift in Sources */ = {isa = PBXBuildFile; fileRef = 9552B7CA2117BA440004BB74 /* GoogleApiClient.swift */; };
		95A4ECE62115AC9B00BD46FF /* AppDelegate.swift in Sources */ = {isa = PBXBuildFile; fileRef = 95A4ECE52115AC9B00BD46FF /* AppDelegate.swift */; };
		95A4ECEB2115AC9B00BD46FF /* Main.storyboard in Resources */ = {isa = PBXBuildFile; fileRef = 95A4ECE92115AC9B00BD46FF /* Main.storyboard */; };
		95A4ECF02115AC9D00BD46FF /* LaunchScreen.storyboard in Resources */ = {isa = PBXBuildFile; fileRef = 95A4ECEE2115AC9D00BD46FF /* LaunchScreen.storyboard */; };
		95A4ECF82115ACE600BD46FF /* SearchTableViewController.swift in Sources */ = {isa = PBXBuildFile; fileRef = 95A4ECF72115ACE600BD46FF /* SearchTableViewController.swift */; };
		95A4ECFA2115B15600BD46FF /* PlaceTableViewCell.swift in Sources */ = {isa = PBXBuildFile; fileRef = 95A4ECF92115B15600BD46FF /* PlaceTableViewCell.swift */; };
		95A4ECFC211607A800BD46FF /* Assets.xcassets in Resources */ = {isa = PBXBuildFile; fileRef = 95A4ECFB211607A800BD46FF /* Assets.xcassets */; };
		95A4ED03211624E500BD46FF /* PlaceInfoTableViewController.swift in Sources */ = {isa = PBXBuildFile; fileRef = 95A4ED02211624E500BD46FF /* PlaceInfoTableViewController.swift */; };
		95A4ED0521163F1A00BD46FF /* TextCell.swift in Sources */ = {isa = PBXBuildFile; fileRef = 95A4ED0421163F1A00BD46FF /* TextCell.swift */; };
		95A4ED082116431E00BD46FF /* MapCell.swift in Sources */ = {isa = PBXBuildFile; fileRef = 95A4ED072116431E00BD46FF /* MapCell.swift */; };
		95BB85D021175B33008C1A3B /* FoursquareResponse.swift in Sources */ = {isa = PBXBuildFile; fileRef = 95BB85C621175B33008C1A3B /* FoursquareResponse.swift */; };
		95BB85D121175B33008C1A3B /* MetaModel.swift in Sources */ = {isa = PBXBuildFile; fileRef = 95BB85C721175B33008C1A3B /* MetaModel.swift */; };
		95BB85D221175B33008C1A3B /* Venue.swift in Sources */ = {isa = PBXBuildFile; fileRef = 95BB85C821175B33008C1A3B /* Venue.swift */; };
		95BB85D321175B33008C1A3B /* PhotoModel.swift in Sources */ = {isa = PBXBuildFile; fileRef = 95BB85CA21175B33008C1A3B /* PhotoModel.swift */; };
		95BB85D421175B33008C1A3B /* CategoryModel.swift in Sources */ = {isa = PBXBuildFile; fileRef = 95BB85CB21175B33008C1A3B /* CategoryModel.swift */; };
		95BB85D521175B33008C1A3B /* HoursModel.swift in Sources */ = {isa = PBXBuildFile; fileRef = 95BB85CC21175B33008C1A3B /* HoursModel.swift */; };
		95BB85D621175B33008C1A3B /* PhotoGroup.swift in Sources */ = {isa = PBXBuildFile; fileRef = 95BB85CD21175B33008C1A3B /* PhotoGroup.swift */; };
		95BB85D721175B33008C1A3B /* VenueModel.swift in Sources */ = {isa = PBXBuildFile; fileRef = 95BB85CE21175B33008C1A3B /* VenueModel.swift */; };
		95BB85D821175B33008C1A3B /* LocationModel.swift in Sources */ = {isa = PBXBuildFile; fileRef = 95BB85CF21175B33008C1A3B /* LocationModel.swift */; };
		95BB85E021175B87008C1A3B /* VenueDataProvider.swift in Sources */ = {isa = PBXBuildFile; fileRef = 95BB85DB21175B87008C1A3B /* VenueDataProvider.swift */; };
		95BB85E121175B87008C1A3B /* VenueApiClient.swift in Sources */ = {isa = PBXBuildFile; fileRef = 95BB85DD21175B87008C1A3B /* VenueApiClient.swift */; };
		95BB85E221175B87008C1A3B /* FoursquareAPIClient.swift in Sources */ = {isa = PBXBuildFile; fileRef = 95BB85DE21175B87008C1A3B /* FoursquareAPIClient.swift */; };
		95BB85E321175B87008C1A3B /* APIKey.swift in Sources */ = {isa = PBXBuildFile; fileRef = 95BB85DF21175B87008C1A3B /* APIKey.swift */; };
		95BB85E621175B90008C1A3B /* LocationService.swift in Sources */ = {isa = PBXBuildFile; fileRef = 95BB85E521175B90008C1A3B /* LocationService.swift */; };
		95BB85E921178D0D008C1A3B /* VenueSplitViewController.swift in Sources */ = {isa = PBXBuildFile; fileRef = 95BB85E821178D0D008C1A3B /* VenueSplitViewController.swift */; };
		95BB85EB211791DE008C1A3B /* UIColor+Ext.swift in Sources */ = {isa = PBXBuildFile; fileRef = 95BB85EA211791DE008C1A3B /* UIColor+Ext.swift */; };
		B042BDF167B31E090DCF89AA /* Pods_PointsOfIntrerest_App.framework in Frameworks */ = {isa = PBXBuildFile; fileRef = C4F735857672F20FB8AFC91C /* Pods_PointsOfIntrerest_App.framework */; };
/* End PBXBuildFile section */

/* Begin PBXFileReference section */
		78A3F55977CDB89648CEE213 /* Pods-PointsOfIntrerest App.release.xcconfig */ = {isa = PBXFileReference; includeInIndex = 1; lastKnownFileType = text.xcconfig; name = "Pods-PointsOfIntrerest App.release.xcconfig"; path = "Pods/Target Support Files/Pods-PointsOfIntrerest App/Pods-PointsOfIntrerest App.release.xcconfig"; sourceTree = "<group>"; };
		951322F821174391004D0B91 /* PlaceDurationCell.swift */ = {isa = PBXFileReference; lastKnownFileType = sourcecode.swift; path = PlaceDurationCell.swift; sourceTree = "<group>"; };
		9533EDD02116E60900660ED2 /* Constants.swift */ = {isa = PBXFileReference; lastKnownFileType = sourcecode.swift; path = Constants.swift; sourceTree = "<group>"; };
		9533EDD22116EA1100660ED2 /* DisplayObjectCell.swift */ = {isa = PBXFileReference; lastKnownFileType = sourcecode.swift; path = DisplayObjectCell.swift; sourceTree = "<group>"; };
		9533EDD42116EACC00660ED2 /* PlaceNameCell.swift */ = {isa = PBXFileReference; lastKnownFileType = sourcecode.swift; path = PlaceNameCell.swift; sourceTree = "<group>"; };
		9533EDD62116FFFD00660ED2 /* PlaceDescriptionCell.swift */ = {isa = PBXFileReference; lastKnownFileType = sourcecode.swift; path = PlaceDescriptionCell.swift; sourceTree = "<group>"; };
		9533EDD821170D0600660ED2 /* PlaceTimeOfWorkCell.swift */ = {isa = PBXFileReference; lastKnownFileType = sourcecode.swift; path = PlaceTimeOfWorkCell.swift; sourceTree = "<group>"; };
		9552B7C22117AED00004BB74 /* StoryboardInstance.swift */ = {isa = PBXFileReference; lastKnownFileType = sourcecode.swift; path = StoryboardInstance.swift; sourceTree = "<group>"; };
		9552B7C42117B90C0004BB74 /* DirectionsDataProvider.swift */ = {isa = PBXFileReference; fileEncoding = 4; lastKnownFileType = sourcecode.swift; path = DirectionsDataProvider.swift; sourceTree = "<group>"; };
		9552B7C62117B9160004BB74 /* test_route.json */ = {isa = PBXFileReference; fileEncoding = 4; lastKnownFileType = text.json; path = test_route.json; sourceTree = "<group>"; };
		9552B7C82117B96C0004BB74 /* APIClient.swift */ = {isa = PBXFileReference; fileEncoding = 4; lastKnownFileType = sourcecode.swift; path = APIClient.swift; sourceTree = "<group>"; };
		9552B7CA2117BA440004BB74 /* GoogleApiClient.swift */ = {isa = PBXFileReference; fileEncoding = 4; lastKnownFileType = sourcecode.swift; path = GoogleApiClient.swift; sourceTree = "<group>"; };
		95A4ECE22115AC9B00BD46FF /* PointsOfIntrerest App.app */ = {isa = PBXFileReference; explicitFileType = wrapper.application; includeInIndex = 0; path = "PointsOfIntrerest App.app"; sourceTree = BUILT_PRODUCTS_DIR; };
		95A4ECE52115AC9B00BD46FF /* AppDelegate.swift */ = {isa = PBXFileReference; lastKnownFileType = sourcecode.swift; path = AppDelegate.swift; sourceTree = "<group>"; };
		95A4ECEA2115AC9B00BD46FF /* Base */ = {isa = PBXFileReference; lastKnownFileType = file.storyboard; name = Base; path = Base.lproj/Main.storyboard; sourceTree = "<group>"; };
		95A4ECEF2115AC9D00BD46FF /* Base */ = {isa = PBXFileReference; lastKnownFileType = file.storyboard; name = Base; path = Base.lproj/LaunchScreen.storyboard; sourceTree = "<group>"; };
		95A4ECF12115AC9D00BD46FF /* Info.plist */ = {isa = PBXFileReference; lastKnownFileType = text.plist.xml; path = Info.plist; sourceTree = "<group>"; };
		95A4ECF72115ACE600BD46FF /* SearchTableViewController.swift */ = {isa = PBXFileReference; lastKnownFileType = sourcecode.swift; path = SearchTableViewController.swift; sourceTree = "<group>"; };
		95A4ECF92115B15600BD46FF /* PlaceTableViewCell.swift */ = {isa = PBXFileReference; lastKnownFileType = sourcecode.swift; path = PlaceTableViewCell.swift; sourceTree = "<group>"; };
		95A4ECFB211607A800BD46FF /* Assets.xcassets */ = {isa = PBXFileReference; lastKnownFileType = folder.assetcatalog; path = Assets.xcassets; sourceTree = "<group>"; };
		95A4ED02211624E500BD46FF /* PlaceInfoTableViewController.swift */ = {isa = PBXFileReference; lastKnownFileType = sourcecode.swift; path = PlaceInfoTableViewController.swift; sourceTree = "<group>"; };
		95A4ED0421163F1A00BD46FF /* TextCell.swift */ = {isa = PBXFileReference; lastKnownFileType = sourcecode.swift; path = TextCell.swift; sourceTree = "<group>"; };
		95A4ED072116431E00BD46FF /* MapCell.swift */ = {isa = PBXFileReference; lastKnownFileType = sourcecode.swift; path = MapCell.swift; sourceTree = "<group>"; };
		95BB85C621175B33008C1A3B /* FoursquareResponse.swift */ = {isa = PBXFileReference; fileEncoding = 4; lastKnownFileType = sourcecode.swift; path = FoursquareResponse.swift; sourceTree = "<group>"; };
		95BB85C721175B33008C1A3B /* MetaModel.swift */ = {isa = PBXFileReference; fileEncoding = 4; lastKnownFileType = sourcecode.swift; path = MetaModel.swift; sourceTree = "<group>"; };
		95BB85C821175B33008C1A3B /* Venue.swift */ = {isa = PBXFileReference; fileEncoding = 4; lastKnownFileType = sourcecode.swift; path = Venue.swift; sourceTree = "<group>"; };
		95BB85CA21175B33008C1A3B /* PhotoModel.swift */ = {isa = PBXFileReference; fileEncoding = 4; lastKnownFileType = sourcecode.swift; path = PhotoModel.swift; sourceTree = "<group>"; };
		95BB85CB21175B33008C1A3B /* CategoryModel.swift */ = {isa = PBXFileReference; fileEncoding = 4; lastKnownFileType = sourcecode.swift; path = CategoryModel.swift; sourceTree = "<group>"; };
		95BB85CC21175B33008C1A3B /* HoursModel.swift */ = {isa = PBXFileReference; fileEncoding = 4; lastKnownFileType = sourcecode.swift; path = HoursModel.swift; sourceTree = "<group>"; };
		95BB85CD21175B33008C1A3B /* PhotoGroup.swift */ = {isa = PBXFileReference; fileEncoding = 4; lastKnownFileType = sourcecode.swift; path = PhotoGroup.swift; sourceTree = "<group>"; };
		95BB85CE21175B33008C1A3B /* VenueModel.swift */ = {isa = PBXFileReference; fileEncoding = 4; lastKnownFileType = sourcecode.swift; path = VenueModel.swift; sourceTree = "<group>"; };
		95BB85CF21175B33008C1A3B /* LocationModel.swift */ = {isa = PBXFileReference; fileEncoding = 4; lastKnownFileType = sourcecode.swift; path = LocationModel.swift; sourceTree = "<group>"; };
		95BB85DB21175B87008C1A3B /* VenueDataProvider.swift */ = {isa = PBXFileReference; fileEncoding = 4; lastKnownFileType = sourcecode.swift; path = VenueDataProvider.swift; sourceTree = "<group>"; };
		95BB85DD21175B87008C1A3B /* VenueApiClient.swift */ = {isa = PBXFileReference; fileEncoding = 4; lastKnownFileType = sourcecode.swift; path = VenueApiClient.swift; sourceTree = "<group>"; };
		95BB85DE21175B87008C1A3B /* FoursquareAPIClient.swift */ = {isa = PBXFileReference; fileEncoding = 4; lastKnownFileType = sourcecode.swift; path = FoursquareAPIClient.swift; sourceTree = "<group>"; };
		95BB85DF21175B87008C1A3B /* APIKey.swift */ = {isa = PBXFileReference; fileEncoding = 4; lastKnownFileType = sourcecode.swift; path = APIKey.swift; sourceTree = "<group>"; };
		95BB85E521175B90008C1A3B /* LocationService.swift */ = {isa = PBXFileReference; fileEncoding = 4; lastKnownFileType = sourcecode.swift; path = LocationService.swift; sourceTree = "<group>"; };
		95BB85E821178D0D008C1A3B /* VenueSplitViewController.swift */ = {isa = PBXFileReference; lastKnownFileType = sourcecode.swift; path = VenueSplitViewController.swift; sourceTree = "<group>"; };
		95BB85EA211791DE008C1A3B /* UIColor+Ext.swift */ = {isa = PBXFileReference; lastKnownFileType = sourcecode.swift; path = "UIColor+Ext.swift"; sourceTree = "<group>"; };
		BF2EF010C3FDEF6C8B5462D0 /* Pods-PointsOfIntrerest App.debug.xcconfig */ = {isa = PBXFileReference; includeInIndex = 1; lastKnownFileType = text.xcconfig; name = "Pods-PointsOfIntrerest App.debug.xcconfig"; path = "Pods/Target Support Files/Pods-PointsOfIntrerest App/Pods-PointsOfIntrerest App.debug.xcconfig"; sourceTree = "<group>"; };
		C4F735857672F20FB8AFC91C /* Pods_PointsOfIntrerest_App.framework */ = {isa = PBXFileReference; explicitFileType = wrapper.framework; includeInIndex = 0; path = Pods_PointsOfIntrerest_App.framework; sourceTree = BUILT_PRODUCTS_DIR; };
/* End PBXFileReference section */

/* Begin PBXFrameworksBuildPhase section */
		95A4ECDF2115AC9B00BD46FF /* Frameworks */ = {
			isa = PBXFrameworksBuildPhase;
			buildActionMask = 2147483647;
			files = (
				B042BDF167B31E090DCF89AA /* Pods_PointsOfIntrerest_App.framework in Frameworks */,
			);
			runOnlyForDeploymentPostprocessing = 0;
		};
/* End PBXFrameworksBuildPhase section */

/* Begin PBXGroup section */
		190E8A718CBC91780425497E /* Pods */ = {
			isa = PBXGroup;
			children = (
				BF2EF010C3FDEF6C8B5462D0 /* Pods-PointsOfIntrerest App.debug.xcconfig */,
				78A3F55977CDB89648CEE213 /* Pods-PointsOfIntrerest App.release.xcconfig */,
			);
			name = Pods;
			sourceTree = "<group>";
		};
		6189586B5B902BD493DB2019 /* Frameworks */ = {
			isa = PBXGroup;
			children = (
				C4F735857672F20FB8AFC91C /* Pods_PointsOfIntrerest_App.framework */,
			);
			name = Frameworks;
			sourceTree = "<group>";
		};
		95A4ECD92115AC9B00BD46FF = {
			isa = PBXGroup;
			children = (
				95A4ECE42115AC9B00BD46FF /* PointsOfIntrerest App */,
				95A4ECE32115AC9B00BD46FF /* Products */,
				190E8A718CBC91780425497E /* Pods */,
				6189586B5B902BD493DB2019 /* Frameworks */,
			);
			sourceTree = "<group>";
		};
		95A4ECE32115AC9B00BD46FF /* Products */ = {
			isa = PBXGroup;
			children = (
				95A4ECE22115AC9B00BD46FF /* PointsOfIntrerest App.app */,
			);
			name = Products;
			sourceTree = "<group>";
		};
		95A4ECE42115AC9B00BD46FF /* PointsOfIntrerest App */ = {
			isa = PBXGroup;
			children = (
				95BB85E421175B90008C1A3B /* Location */,
				95BB85D921175B87008C1A3B /* Networking */,
				95BB85C421175B33008C1A3B /* Models */,
				95A4ECFD21161CB000BD46FF /* SearchScreen */,
				95A4ED0121161D0E00BD46FF /* PlaceInfoScreen */,
				95BB85E721175B9E008C1A3B /* Utils */,
				95A4ECE52115AC9B00BD46FF /* AppDelegate.swift */,
				95BB85EA211791DE008C1A3B /* UIColor+Ext.swift */,
				95A4ECE92115AC9B00BD46FF /* Main.storyboard */,
				95A4ECEE2115AC9D00BD46FF /* LaunchScreen.storyboard */,
				95A4ECFB211607A800BD46FF /* Assets.xcassets */,
				95A4ECF12115AC9D00BD46FF /* Info.plist */,
			);
			path = "PointsOfIntrerest App";
			sourceTree = "<group>";
		};
		95A4ECFD21161CB000BD46FF /* SearchScreen */ = {
			isa = PBXGroup;
			children = (
				95A4ECFE21161CCC00BD46FF /* PlaceCell */,
				95A4ECF72115ACE600BD46FF /* SearchTableViewController.swift */,
				95BB85E821178D0D008C1A3B /* VenueSplitViewController.swift */,
			);
			path = SearchScreen;
			sourceTree = "<group>";
		};
		95A4ECFE21161CCC00BD46FF /* PlaceCell */ = {
			isa = PBXGroup;
			children = (
				95A4ECF92115B15600BD46FF /* PlaceTableViewCell.swift */,
			);
			path = PlaceCell;
			sourceTree = "<group>";
		};
		95A4ED0121161D0E00BD46FF /* PlaceInfoScreen */ = {
			isa = PBXGroup;
			children = (
				95A4ED0621163F4200BD46FF /* Cells */,
				95A4ED02211624E500BD46FF /* PlaceInfoTableViewController.swift */,
			);
			path = PlaceInfoScreen;
			sourceTree = "<group>";
		};
		95A4ED0621163F4200BD46FF /* Cells */ = {
			isa = PBXGroup;
			children = (
				9533EDD22116EA1100660ED2 /* DisplayObjectCell.swift */,
				9533EDD42116EACC00660ED2 /* PlaceNameCell.swift */,
				9533EDD62116FFFD00660ED2 /* PlaceDescriptionCell.swift */,
				9533EDD821170D0600660ED2 /* PlaceTimeOfWorkCell.swift */,
				951322F821174391004D0B91 /* PlaceDurationCell.swift */,
				95A4ED0421163F1A00BD46FF /* TextCell.swift */,
				95A4ED072116431E00BD46FF /* MapCell.swift */,
			);
			path = Cells;
			sourceTree = "<group>";
		};
		95BB85C421175B33008C1A3B /* Models */ = {
			isa = PBXGroup;
			children = (
				95BB85C821175B33008C1A3B /* Venue.swift */,
				95BB85C521175B33008C1A3B /* Response */,
				95BB85C921175B33008C1A3B /* VenueDetails */,
			);
			path = Models;
			sourceTree = "<group>";
		};
		95BB85C521175B33008C1A3B /* Response */ = {
			isa = PBXGroup;
			children = (
				95BB85C621175B33008C1A3B /* FoursquareResponse.swift */,
				95BB85C721175B33008C1A3B /* MetaModel.swift */,
			);
			path = Response;
			sourceTree = "<group>";
		};
		95BB85C921175B33008C1A3B /* VenueDetails */ = {
			isa = PBXGroup;
			children = (
				95BB85CA21175B33008C1A3B /* PhotoModel.swift */,
				95BB85CB21175B33008C1A3B /* CategoryModel.swift */,
				95BB85CC21175B33008C1A3B /* HoursModel.swift */,
				95BB85CD21175B33008C1A3B /* PhotoGroup.swift */,
				95BB85CE21175B33008C1A3B /* VenueModel.swift */,
				95BB85CF21175B33008C1A3B /* LocationModel.swift */,
			);
			path = VenueDetails;
			sourceTree = "<group>";
		};
		95BB85D921175B87008C1A3B /* Networking */ = {
			isa = PBXGroup;
			children = (
				95BB85DA21175B87008C1A3B /* DataProvider */,
				95BB85DC21175B87008C1A3B /* API */,
			);
			path = Networking;
			sourceTree = "<group>";
		};
		95BB85DA21175B87008C1A3B /* DataProvider */ = {
			isa = PBXGroup;
			children = (
				95BB85DB21175B87008C1A3B /* VenueDataProvider.swift */,
				9552B7C42117B90C0004BB74 /* DirectionsDataProvider.swift */,
				9552B7C62117B9160004BB74 /* test_route.json */,
			);
			path = DataProvider;
			sourceTree = "<group>";
		};
		95BB85DC21175B87008C1A3B /* API */ = {
			isa = PBXGroup;
			children = (
				9552B7CA2117BA440004BB74 /* GoogleApiClient.swift */,
				95BB85DD21175B87008C1A3B /* VenueApiClient.swift */,
				9552B7C82117B96C0004BB74 /* APIClient.swift */,
				95BB85DE21175B87008C1A3B /* FoursquareAPIClient.swift */,
			);
			path = API;
			sourceTree = "<group>";
		};
		95BB85E421175B90008C1A3B /* Location */ = {
			isa = PBXGroup;
			children = (
				95BB85E521175B90008C1A3B /* LocationService.swift */,
			);
			path = Location;
			sourceTree = "<group>";
		};
		95BB85E721175B9E008C1A3B /* Utils */ = {
			isa = PBXGroup;
			children = (
				95BB85DF21175B87008C1A3B /* APIKey.swift */,
				9533EDD02116E60900660ED2 /* Constants.swift */,
				9552B7C22117AED00004BB74 /* StoryboardInstance.swift */,
			);
			path = Utils;
			sourceTree = "<group>";
		};
/* End PBXGroup section */

/* Begin PBXNativeTarget section */
		95A4ECE12115AC9B00BD46FF /* PointsOfIntrerest App */ = {
			isa = PBXNativeTarget;
			buildConfigurationList = 95A4ECF42115AC9D00BD46FF /* Build configuration list for PBXNativeTarget "PointsOfIntrerest App" */;
			buildPhases = (
				32F7FCC5B487351D73318F37 /* [CP] Check Pods Manifest.lock */,
				95A4ECDE2115AC9B00BD46FF /* Sources */,
				95A4ECDF2115AC9B00BD46FF /* Frameworks */,
				95A4ECE02115AC9B00BD46FF /* Resources */,
				C239794457989AD5B9449936 /* [CP] Copy Pods Resources */,
				A9466F57BB813E2CAF0FA306 /* [CP] Embed Pods Frameworks */,
			);
			buildRules = (
			);
			dependencies = (
			);
			name = "PointsOfIntrerest App";
			productName = "PointsOfIntrerest App";
			productReference = 95A4ECE22115AC9B00BD46FF /* PointsOfIntrerest App.app */;
			productType = "com.apple.product-type.application";
		};
/* End PBXNativeTarget section */

/* Begin PBXProject section */
		95A4ECDA2115AC9B00BD46FF /* Project object */ = {
			isa = PBXProject;
			attributes = {
				LastSwiftUpdateCheck = 0940;
				LastUpgradeCheck = 0940;
				ORGANIZATIONNAME = Anna;
				TargetAttributes = {
					95A4ECE12115AC9B00BD46FF = {
						CreatedOnToolsVersion = 9.4.1;
					};
				};
			};
			buildConfigurationList = 95A4ECDD2115AC9B00BD46FF /* Build configuration list for PBXProject "PointsOfIntrerest App" */;
			compatibilityVersion = "Xcode 9.3";
			developmentRegion = en;
			hasScannedForEncodings = 0;
			knownRegions = (
				en,
				Base,
			);
			mainGroup = 95A4ECD92115AC9B00BD46FF;
			productRefGroup = 95A4ECE32115AC9B00BD46FF /* Products */;
			projectDirPath = "";
			projectRoot = "";
			targets = (
				95A4ECE12115AC9B00BD46FF /* PointsOfIntrerest App */,
			);
		};
/* End PBXProject section */

/* Begin PBXResourcesBuildPhase section */
		95A4ECE02115AC9B00BD46FF /* Resources */ = {
			isa = PBXResourcesBuildPhase;
			buildActionMask = 2147483647;
			files = (
				95A4ECF02115AC9D00BD46FF /* LaunchScreen.storyboard in Resources */,
				9552B7C72117B9160004BB74 /* test_route.json in Resources */,
				95A4ECFC211607A800BD46FF /* Assets.xcassets in Resources */,
				95A4ECEB2115AC9B00BD46FF /* Main.storyboard in Resources */,
			);
			runOnlyForDeploymentPostprocessing = 0;
		};
/* End PBXResourcesBuildPhase section */

/* Begin PBXShellScriptBuildPhase section */
		32F7FCC5B487351D73318F37 /* [CP] Check Pods Manifest.lock */ = {
			isa = PBXShellScriptBuildPhase;
			buildActionMask = 2147483647;
			files = (
			);
			inputPaths = (
				"${PODS_PODFILE_DIR_PATH}/Podfile.lock",
				"${PODS_ROOT}/Manifest.lock",
			);
			name = "[CP] Check Pods Manifest.lock";
			outputPaths = (
				"$(DERIVED_FILE_DIR)/Pods-PointsOfIntrerest App-checkManifestLockResult.txt",
			);
			runOnlyForDeploymentPostprocessing = 0;
			shellPath = /bin/sh;
			shellScript = "diff \"${PODS_PODFILE_DIR_PATH}/Podfile.lock\" \"${PODS_ROOT}/Manifest.lock\" > /dev/null\nif [ $? != 0 ] ; then\n    # print error to STDERR\n    echo \"error: The sandbox is not in sync with the Podfile.lock. Run 'pod install' or update your CocoaPods installation.\" >&2\n    exit 1\nfi\n# This output is used by Xcode 'outputs' to avoid re-running this script phase.\necho \"SUCCESS\" > \"${SCRIPT_OUTPUT_FILE_0}\"\n";
			showEnvVarsInLog = 0;
		};
		A9466F57BB813E2CAF0FA306 /* [CP] Embed Pods Frameworks */ = {
			isa = PBXShellScriptBuildPhase;
			buildActionMask = 2147483647;
			files = (
			);
			inputPaths = (
				"${SRCROOT}/Pods/Target Support Files/Pods-PointsOfIntrerest App/Pods-PointsOfIntrerest App-frameworks.sh",
				"${BUILT_PRODUCTS_DIR}/Alamofire/Alamofire.framework",
				"${BUILT_PRODUCTS_DIR}/Kingfisher/Kingfisher.framework",
				"${BUILT_PRODUCTS_DIR}/SVProgressHUD/SVProgressHUD.framework",
			);
			name = "[CP] Embed Pods Frameworks";
			outputPaths = (
				"${TARGET_BUILD_DIR}/${FRAMEWORKS_FOLDER_PATH}/Alamofire.framework",
				"${TARGET_BUILD_DIR}/${FRAMEWORKS_FOLDER_PATH}/Kingfisher.framework",
				"${TARGET_BUILD_DIR}/${FRAMEWORKS_FOLDER_PATH}/SVProgressHUD.framework",
			);
			runOnlyForDeploymentPostprocessing = 0;
			shellPath = /bin/sh;
			shellScript = "\"${SRCROOT}/Pods/Target Support Files/Pods-PointsOfIntrerest App/Pods-PointsOfIntrerest App-frameworks.sh\"\n";
			showEnvVarsInLog = 0;
		};
		C239794457989AD5B9449936 /* [CP] Copy Pods Resources */ = {
			isa = PBXShellScriptBuildPhase;
			buildActionMask = 2147483647;
			files = (
			);
			inputPaths = (
				"${SRCROOT}/Pods/Target Support Files/Pods-PointsOfIntrerest App/Pods-PointsOfIntrerest App-resources.sh",
				"${PODS_ROOT}/GoogleMaps/Maps/Frameworks/GoogleMaps.framework/Resources/GoogleMaps.bundle",
			);
			name = "[CP] Copy Pods Resources";
			outputPaths = (
				"${TARGET_BUILD_DIR}/${UNLOCALIZED_RESOURCES_FOLDER_PATH}/GoogleMaps.bundle",
			);
			runOnlyForDeploymentPostprocessing = 0;
			shellPath = /bin/sh;
			shellScript = "\"${SRCROOT}/Pods/Target Support Files/Pods-PointsOfIntrerest App/Pods-PointsOfIntrerest App-resources.sh\"\n";
			showEnvVarsInLog = 0;
		};
/* End PBXShellScriptBuildPhase section */

/* Begin PBXSourcesBuildPhase section */
		95A4ECDE2115AC9B00BD46FF /* Sources */ = {
			isa = PBXSourcesBuildPhase;
			buildActionMask = 2147483647;
			files = (
				95BB85D121175B33008C1A3B /* MetaModel.swift in Sources */,
				95BB85D521175B33008C1A3B /* HoursModel.swift in Sources */,
				95BB85D221175B33008C1A3B /* Venue.swift in Sources */,
				9552B7C32117AED00004BB74 /* StoryboardInstance.swift in Sources */,
				95A4ECE62115AC9B00BD46FF /* AppDelegate.swift in Sources */,
				951322F921174391004D0B91 /* PlaceDurationCell.swift in Sources */,
				9552B7CB2117BA440004BB74 /* GoogleApiClient.swift in Sources */,
				95BB85E121175B87008C1A3B /* VenueApiClient.swift in Sources */,
				95BB85D421175B33008C1A3B /* CategoryModel.swift in Sources */,
				95BB85E021175B87008C1A3B /* VenueDataProvider.swift in Sources */,
				95A4ED0521163F1A00BD46FF /* TextCell.swift in Sources */,
				95BB85D721175B33008C1A3B /* VenueModel.swift in Sources */,
				9533EDD72116FFFD00660ED2 /* PlaceDescriptionCell.swift in Sources */,
				95BB85E221175B87008C1A3B /* FoursquareAPIClient.swift in Sources */,
				95BB85D321175B33008C1A3B /* PhotoModel.swift in Sources */,
				95A4ED082116431E00BD46FF /* MapCell.swift in Sources */,
				95BB85E921178D0D008C1A3B /* VenueSplitViewController.swift in Sources */,
				9552B7C52117B90C0004BB74 /* DirectionsDataProvider.swift in Sources */,
				9533EDD52116EACC00660ED2 /* PlaceNameCell.swift in Sources */,
				95A4ED03211624E500BD46FF /* PlaceInfoTableViewController.swift in Sources */,
				95BB85D021175B33008C1A3B /* FoursquareResponse.swift in Sources */,
				9533EDD12116E60900660ED2 /* Constants.swift in Sources */,
				9533EDD921170D0600660ED2 /* PlaceTimeOfWorkCell.swift in Sources */,
				95BB85E321175B87008C1A3B /* APIKey.swift in Sources */,
				95BB85EB211791DE008C1A3B /* UIColor+Ext.swift in Sources */,
				95A4ECF82115ACE600BD46FF /* SearchTableViewController.swift in Sources */,
				95BB85D621175B33008C1A3B /* PhotoGroup.swift in Sources */,
				95BB85E621175B90008C1A3B /* LocationService.swift in Sources */,
				95A4ECFA2115B15600BD46FF /* PlaceTableViewCell.swift in Sources */,
				95BB85D821175B33008C1A3B /* LocationModel.swift in Sources */,
				9533EDD32116EA1100660ED2 /* DisplayObjectCell.swift in Sources */,
				9552B7C92117B96C0004BB74 /* APIClient.swift in Sources */,
			);
			runOnlyForDeploymentPostprocessing = 0;
		};
/* End PBXSourcesBuildPhase section */

/* Begin PBXVariantGroup section */
		95A4ECE92115AC9B00BD46FF /* Main.storyboard */ = {
			isa = PBXVariantGroup;
			children = (
				95A4ECEA2115AC9B00BD46FF /* Base */,
			);
			name = Main.storyboard;
			sourceTree = "<group>";
		};
		95A4ECEE2115AC9D00BD46FF /* LaunchScreen.storyboard */ = {
			isa = PBXVariantGroup;
			children = (
				95A4ECEF2115AC9D00BD46FF /* Base */,
			);
			name = LaunchScreen.storyboard;
			sourceTree = "<group>";
		};
/* End PBXVariantGroup section */

/* Begin XCBuildConfiguration section */
		95A4ECF22115AC9D00BD46FF /* Debug */ = {
			isa = XCBuildConfiguration;
			buildSettings = {
				ALWAYS_SEARCH_USER_PATHS = NO;
				CLANG_ANALYZER_NONNULL = YES;
				CLANG_ANALYZER_NUMBER_OBJECT_CONVERSION = YES_AGGRESSIVE;
				CLANG_CXX_LANGUAGE_STANDARD = "gnu++14";
				CLANG_CXX_LIBRARY = "libc++";
				CLANG_ENABLE_MODULES = YES;
				CLANG_ENABLE_OBJC_ARC = YES;
				CLANG_ENABLE_OBJC_WEAK = YES;
				CLANG_WARN_BLOCK_CAPTURE_AUTORELEASING = YES;
				CLANG_WARN_BOOL_CONVERSION = YES;
				CLANG_WARN_COMMA = YES;
				CLANG_WARN_CONSTANT_CONVERSION = YES;
				CLANG_WARN_DEPRECATED_OBJC_IMPLEMENTATIONS = YES;
				CLANG_WARN_DIRECT_OBJC_ISA_USAGE = YES_ERROR;
				CLANG_WARN_DOCUMENTATION_COMMENTS = YES;
				CLANG_WARN_EMPTY_BODY = YES;
				CLANG_WARN_ENUM_CONVERSION = YES;
				CLANG_WARN_INFINITE_RECURSION = YES;
				CLANG_WARN_INT_CONVERSION = YES;
				CLANG_WARN_NON_LITERAL_NULL_CONVERSION = YES;
				CLANG_WARN_OBJC_IMPLICIT_RETAIN_SELF = YES;
				CLANG_WARN_OBJC_LITERAL_CONVERSION = YES;
				CLANG_WARN_OBJC_ROOT_CLASS = YES_ERROR;
				CLANG_WARN_RANGE_LOOP_ANALYSIS = YES;
				CLANG_WARN_STRICT_PROTOTYPES = YES;
				CLANG_WARN_SUSPICIOUS_MOVE = YES;
				CLANG_WARN_UNGUARDED_AVAILABILITY = YES_AGGRESSIVE;
				CLANG_WARN_UNREACHABLE_CODE = YES;
				CLANG_WARN__DUPLICATE_METHOD_MATCH = YES;
				CODE_SIGN_IDENTITY = "iPhone Developer";
				COPY_PHASE_STRIP = NO;
				DEBUG_INFORMATION_FORMAT = dwarf;
				ENABLE_STRICT_OBJC_MSGSEND = YES;
				ENABLE_TESTABILITY = YES;
				GCC_C_LANGUAGE_STANDARD = gnu11;
				GCC_DYNAMIC_NO_PIC = NO;
				GCC_NO_COMMON_BLOCKS = YES;
				GCC_OPTIMIZATION_LEVEL = 0;
				GCC_PREPROCESSOR_DEFINITIONS = (
					"DEBUG=1",
					"$(inherited)",
				);
				GCC_WARN_64_TO_32_BIT_CONVERSION = YES;
				GCC_WARN_ABOUT_RETURN_TYPE = YES_ERROR;
				GCC_WARN_UNDECLARED_SELECTOR = YES;
				GCC_WARN_UNINITIALIZED_AUTOS = YES_AGGRESSIVE;
				GCC_WARN_UNUSED_FUNCTION = YES;
				GCC_WARN_UNUSED_VARIABLE = YES;
				IPHONEOS_DEPLOYMENT_TARGET = 11.4;
				MTL_ENABLE_DEBUG_INFO = YES;
				ONLY_ACTIVE_ARCH = YES;
				SDKROOT = iphoneos;
				SWIFT_ACTIVE_COMPILATION_CONDITIONS = DEBUG;
				SWIFT_OPTIMIZATION_LEVEL = "-Onone";
			};
			name = Debug;
		};
		95A4ECF32115AC9D00BD46FF /* Release */ = {
			isa = XCBuildConfiguration;
			buildSettings = {
				ALWAYS_SEARCH_USER_PATHS = NO;
				CLANG_ANALYZER_NONNULL = YES;
				CLANG_ANALYZER_NUMBER_OBJECT_CONVERSION = YES_AGGRESSIVE;
				CLANG_CXX_LANGUAGE_STANDARD = "gnu++14";
				CLANG_CXX_LIBRARY = "libc++";
				CLANG_ENABLE_MODULES = YES;
				CLANG_ENABLE_OBJC_ARC = YES;
				CLANG_ENABLE_OBJC_WEAK = YES;
				CLANG_WARN_BLOCK_CAPTURE_AUTORELEASING = YES;
				CLANG_WARN_BOOL_CONVERSION = YES;
				CLANG_WARN_COMMA = YES;
				CLANG_WARN_CONSTANT_CONVERSION = YES;
				CLANG_WARN_DEPRECATED_OBJC_IMPLEMENTATIONS = YES;
				CLANG_WARN_DIRECT_OBJC_ISA_USAGE = YES_ERROR;
				CLANG_WARN_DOCUMENTATION_COMMENTS = YES;
				CLANG_WARN_EMPTY_BODY = YES;
				CLANG_WARN_ENUM_CONVERSION = YES;
				CLANG_WARN_INFINITE_RECURSION = YES;
				CLANG_WARN_INT_CONVERSION = YES;
				CLANG_WARN_NON_LITERAL_NULL_CONVERSION = YES;
				CLANG_WARN_OBJC_IMPLICIT_RETAIN_SELF = YES;
				CLANG_WARN_OBJC_LITERAL_CONVERSION = YES;
				CLANG_WARN_OBJC_ROOT_CLASS = YES_ERROR;
				CLANG_WARN_RANGE_LOOP_ANALYSIS = YES;
				CLANG_WARN_STRICT_PROTOTYPES = YES;
				CLANG_WARN_SUSPICIOUS_MOVE = YES;
				CLANG_WARN_UNGUARDED_AVAILABILITY = YES_AGGRESSIVE;
				CLANG_WARN_UNREACHABLE_CODE = YES;
				CLANG_WARN__DUPLICATE_METHOD_MATCH = YES;
				CODE_SIGN_IDENTITY = "iPhone Developer";
				COPY_PHASE_STRIP = NO;
				DEBUG_INFORMATION_FORMAT = "dwarf-with-dsym";
				ENABLE_NS_ASSERTIONS = NO;
				ENABLE_STRICT_OBJC_MSGSEND = YES;
				GCC_C_LANGUAGE_STANDARD = gnu11;
				GCC_NO_COMMON_BLOCKS = YES;
				GCC_WARN_64_TO_32_BIT_CONVERSION = YES;
				GCC_WARN_ABOUT_RETURN_TYPE = YES_ERROR;
				GCC_WARN_UNDECLARED_SELECTOR = YES;
				GCC_WARN_UNINITIALIZED_AUTOS = YES_AGGRESSIVE;
				GCC_WARN_UNUSED_FUNCTION = YES;
				GCC_WARN_UNUSED_VARIABLE = YES;
				IPHONEOS_DEPLOYMENT_TARGET = 11.4;
				MTL_ENABLE_DEBUG_INFO = NO;
				SDKROOT = iphoneos;
				SWIFT_COMPILATION_MODE = wholemodule;
				SWIFT_OPTIMIZATION_LEVEL = "-O";
				VALIDATE_PRODUCT = YES;
			};
			name = Release;
		};
		95A4ECF52115AC9D00BD46FF /* Debug */ = {
			isa = XCBuildConfiguration;
			baseConfigurationReference = BF2EF010C3FDEF6C8B5462D0 /* Pods-PointsOfIntrerest App.debug.xcconfig */;
			buildSettings = {
				ASSETCATALOG_COMPILER_APPICON_NAME = AppIcon;
				CODE_SIGN_STYLE = Automatic;
				DEVELOPMENT_TEAM = KK6SM6Q23J;
				INFOPLIST_FILE = "PointsOfIntrerest App/Info.plist";
				IPHONEOS_DEPLOYMENT_TARGET = 10.0;
				LD_RUNPATH_SEARCH_PATHS = (
					"$(inherited)",
					"@executable_path/Frameworks",
				);
				PRODUCT_BUNDLE_IDENTIFIER = "com.lutsenko-anna.PointsOfIntrerest-App";
				PRODUCT_NAME = "$(TARGET_NAME)";
				SWIFT_VERSION = 4.0;
				TARGETED_DEVICE_FAMILY = "1,2";
			};
			name = Debug;
		};
		95A4ECF62115AC9D00BD46FF /* Release */ = {
			isa = XCBuildConfiguration;
			baseConfigurationReference = 78A3F55977CDB89648CEE213 /* Pods-PointsOfIntrerest App.release.xcconfig */;
			buildSettings = {
				ASSETCATALOG_COMPILER_APPICON_NAME = AppIcon;
				CODE_SIGN_STYLE = Automatic;
				DEVELOPMENT_TEAM = KK6SM6Q23J;
				INFOPLIST_FILE = "PointsOfIntrerest App/Info.plist";
				IPHONEOS_DEPLOYMENT_TARGET = 10.0;
				LD_RUNPATH_SEARCH_PATHS = (
					"$(inherited)",
					"@executable_path/Frameworks",
				);
				PRODUCT_BUNDLE_IDENTIFIER = "com.lutsenko-anna.PointsOfIntrerest-App";
				PRODUCT_NAME = "$(TARGET_NAME)";
				SWIFT_VERSION = 4.0;
				TARGETED_DEVICE_FAMILY = "1,2";
			};
			name = Release;
		};
/* End XCBuildConfiguration section */

/* Begin XCConfigurationList section */
		95A4ECDD2115AC9B00BD46FF /* Build configuration list for PBXProject "PointsOfIntrerest App" */ = {
			isa = XCConfigurationList;
			buildConfigurations = (
				95A4ECF22115AC9D00BD46FF /* Debug */,
				95A4ECF32115AC9D00BD46FF /* Release */,
			);
			defaultConfigurationIsVisible = 0;
			defaultConfigurationName = Release;
		};
		95A4ECF42115AC9D00BD46FF /* Build configuration list for PBXNativeTarget "PointsOfIntrerest App" */ = {
			isa = XCConfigurationList;
			buildConfigurations = (
				95A4ECF52115AC9D00BD46FF /* Debug */,
				95A4ECF62115AC9D00BD46FF /* Release */,
			);
			defaultConfigurationIsVisible = 0;
			defaultConfigurationName = Release;
		};
/* End XCConfigurationList section */
	};
	rootObject = 95A4ECDA2115AC9B00BD46FF /* Project object */;
}
